
Microsoft Visual Studio Solution File, Format Version 12.00
# Visual Studio Version 17
VisualStudioVersion = 17.14.36414.22 d17.14
MinimumVisualStudioVersion = 10.0.40219.1
Project("{FAE04EC0-301F-11D3-BF4B-00C04F79EFBC}") = "Lab2", "Lab2\Lab2.csproj", "{E7FCEC08-4D2B-440C-B271-6A3C2107EAE4}"
EndProject
Global
	GlobalSection(SolutionConfigurationPlatforms) = preSolution
		Debug|Any CPU = Debug|Any CPU
		Release|Any CPU = Release|Any CPU
	EndGlobalSection
	GlobalSection(ProjectConfigurationPlatforms) = postSolution
		{E7FCEC08-4D2B-440C-B271-6A3C2107EAE4}.Debug|Any CPU.ActiveCfg = Debug|Any CPU
		{E7FCEC08-4D2B-440C-B271-6A3C2107EAE4}.Debug|Any CPU.Build.0 = Debug|Any CPU
		{E7FCEC08-4D2B-440C-B271-6A3C2107EAE4}.Release|Any CPU.ActiveCfg = Release|Any CPU
		{E7FCEC08-4D2B-440C-B271-6A3C2107EAE4}.Release|Any CPU.Build.0 = Release|Any CPU
	EndGlobalSection
	GlobalSection(SolutionProperties) = preSolution
		HideSolutionNode = FALSE
	EndGlobalSection
	GlobalSection(ExtensibilityGlobals) = postSolution
		SolutionGuid = {D6AD5B8D-97FF-45E4-81F8-42BBDF591F5B}
	EndGlobalSection
EndGlobal
